
Microsoft Visual Studio Solution File, Format Version 12.00
# Visual Studio Version 17
VisualStudioVersion = 17.11.35327.3
MinimumVisualStudioVersion = 10.0.40219.1
Project("{9A19103F-16F7-4668-BE54-9A1E7A4F7556}") = "tennisclub", "tennisclub\tennisclub.csproj", "{525D23A3-DA4D-47DE-87B0-A0CDB49E5F44}"
EndProject
Project("{9A19103F-16F7-4668-BE54-9A1E7A4F7556}") = "tennisclub.tests", "TennisClub.Tests\tennisclub.tests.csproj", "{E2D3FB4F-B673-48CE-8545-FB1DEC4EE370}"
EndProject
Global
	GlobalSection(SolutionConfigurationPlatforms) = preSolution
		Debug|Any CPU = Debug|Any CPU
		Release|Any CPU = Release|Any CPU
	EndGlobalSection
	GlobalSection(ProjectConfigurationPlatforms) = postSolution
		{525D23A3-DA4D-47DE-87B0-A0CDB49E5F44}.Debug|Any CPU.ActiveCfg = Debug|Any CPU
		{525D23A3-DA4D-47DE-87B0-A0CDB49E5F44}.Debug|Any CPU.Build.0 = Debug|Any CPU
		{525D23A3-DA4D-47DE-87B0-A0CDB49E5F44}.Release|Any CPU.ActiveCfg = Release|Any CPU
		{525D23A3-DA4D-47DE-87B0-A0CDB49E5F44}.Release|Any CPU.Build.0 = Release|Any CPU
		{E2D3FB4F-B673-48CE-8545-FB1DEC4EE370}.Debug|Any CPU.ActiveCfg = Debug|Any CPU
		{E2D3FB4F-B673-48CE-8545-FB1DEC4EE370}.Debug|Any CPU.Build.0 = Debug|Any CPU
		{E2D3FB4F-B673-48CE-8545-FB1DEC4EE370}.Release|Any CPU.ActiveCfg = Release|Any CPU
		{E2D3FB4F-B673-48CE-8545-FB1DEC4EE370}.Release|Any CPU.Build.0 = Release|Any CPU
	EndGlobalSection
	GlobalSection(SolutionProperties) = preSolution
		HideSolutionNode = FALSE
	EndGlobalSection
	GlobalSection(ExtensibilityGlobals) = postSolution
		SolutionGuid = {083102F0-5750-4914-900F-EC366963A596}
	EndGlobalSection
EndGlobal
